
Microsoft Visual Studio Solution File, Format Version 12.00
# Visual Studio Version 17
VisualStudioVersion = 17.13.35825.156 d17.13
MinimumVisualStudioVersion = 10.0.40219.1
Project("{888888A0-9F3D-457C-B088-3A5042F75D52}") = "sol3.15", "sol3.15\sol3.15.pyproj", "{F3AF59A0-F356-4CCC-8D12-693FA31F734E}"
EndProject
Global
	GlobalSection(SolutionConfigurationPlatforms) = preSolution
		Debug|Any CPU = Debug|Any CPU
		Release|Any CPU = Release|Any CPU
	EndGlobalSection
	GlobalSection(ProjectConfigurationPlatforms) = postSolution
		{F3AF59A0-F356-4CCC-8D12-693FA31F734E}.Debug|Any CPU.ActiveCfg = Debug|Any CPU
		{F3AF59A0-F356-4CCC-8D12-693FA31F734E}.Release|Any CPU.ActiveCfg = Release|Any CPU
	EndGlobalSection
	GlobalSection(SolutionProperties) = preSolution
		HideSolutionNode = FALSE
	EndGlobalSection
	GlobalSection(ExtensibilityGlobals) = postSolution
		SolutionGuid = {932D88A5-5B8D-4A31-84E7-C1BA6D86E654}
	EndGlobalSection
EndGlobal
