
Microsoft Visual Studio Solution File, Format Version 12.00
# Visual Studio Version 17
VisualStudioVersion = 17.13.35825.156
MinimumVisualStudioVersion = 10.0.40219.1
Project("{888888A0-9F3D-457C-B088-3A5042F75D52}") = "sol1.1(1)", "sol1.1(1)\sol1.1(1).pyproj", "{3393B5C0-22FD-402D-9873-C255DE2B2B56}"
EndProject
Project("{888888A0-9F3D-457C-B088-3A5042F75D52}") = "sol1.1(2)", "sol1.1(2)\sol1.1(2).pyproj", "{A8383C8C-243C-4209-9093-62EFC6B056D1}"
EndProject
Project("{888888A0-9F3D-457C-B088-3A5042F75D52}") = "sol1.2(1)", "sol1.2(1)\sol1.2(1).pyproj", "{2B6127ED-B7FD-4C05-B542-6E1466C749B3}"
EndProject
Global
	GlobalSection(SolutionConfigurationPlatforms) = preSolution
		Debug|Any CPU = Debug|Any CPU
		Release|Any CPU = Release|Any CPU
	EndGlobalSection
	GlobalSection(ProjectConfigurationPlatforms) = postSolution
		{3393B5C0-22FD-402D-9873-C255DE2B2B56}.Debug|Any CPU.ActiveCfg = Debug|Any CPU
		{3393B5C0-22FD-402D-9873-C255DE2B2B56}.Release|Any CPU.ActiveCfg = Release|Any CPU
		{A8383C8C-243C-4209-9093-62EFC6B056D1}.Debug|Any CPU.ActiveCfg = Debug|Any CPU
		{A8383C8C-243C-4209-9093-62EFC6B056D1}.Release|Any CPU.ActiveCfg = Release|Any CPU
		{2B6127ED-B7FD-4C05-B542-6E1466C749B3}.Debug|Any CPU.ActiveCfg = Debug|Any CPU
		{2B6127ED-B7FD-4C05-B542-6E1466C749B3}.Release|Any CPU.ActiveCfg = Release|Any CPU
	EndGlobalSection
	GlobalSection(SolutionProperties) = preSolution
		HideSolutionNode = FALSE
	EndGlobalSection
	GlobalSection(ExtensibilityGlobals) = postSolution
		SolutionGuid = {D1D1CC5D-7CAE-4C58-A553-E52B149C560D}
	EndGlobalSection
EndGlobal
